
Microsoft Visual Studio Solution File, Format Version 12.00
# Visual Studio Version 17
VisualStudioVersion = 17.2.32519.379
MinimumVisualStudioVersion = 10.0.40219.1
Project("{FAE04EC0-301F-11D3-BF4B-00C04F79EFBC}") = "Ca3", "Ca3\Ca3.csproj", "{F7DAEF62-46CE-4B6F-B1E3-CBAF369DB2F7}"
EndProject
Global
	GlobalSection(SolutionConfigurationPlatforms) = preSolution
		Debug|Any CPU = Debug|Any CPU
		Release|Any CPU = Release|Any CPU
	EndGlobalSection
	GlobalSection(ProjectConfigurationPlatforms) = postSolution
		{F7DAEF62-46CE-4B6F-B1E3-CBAF369DB2F7}.Debug|Any CPU.ActiveCfg = Debug|Any CPU
		{F7DAEF62-46CE-4B6F-B1E3-CBAF369DB2F7}.Debug|Any CPU.Build.0 = Debug|Any CPU
		{F7DAEF62-46CE-4B6F-B1E3-CBAF369DB2F7}.Release|Any CPU.ActiveCfg = Release|Any CPU
		{F7DAEF62-46CE-4B6F-B1E3-CBAF369DB2F7}.Release|Any CPU.Build.0 = Release|Any CPU
	EndGlobalSection
	GlobalSection(SolutionProperties) = preSolution
		HideSolutionNode = FALSE
	EndGlobalSection
	GlobalSection(ExtensibilityGlobals) = postSolution
		SolutionGuid = {2A41D7DF-8965-4740-B902-966D67D8523A}
	EndGlobalSection
EndGlobal
